
Microsoft Visual Studio Solution File, Format Version 12.00
# Visual Studio 15
VisualStudioVersion = 15.0.28010.2048
MinimumVisualStudioVersion = 10.0.40219.1
Project("{8BC9CEB8-8B4A-11D0-8D11-00A0C91BC942}") = "Stiva Dinamica", "Stiva Dinamica\Stiva Dinamica.vcxproj", "{4449CB3E-882B-4E49-9185-B759AA98849B}"
EndProject
Global
	GlobalSection(SolutionConfigurationPlatforms) = preSolution
		Debug|x64 = Debug|x64
		Debug|x86 = Debug|x86
		Release|x64 = Release|x64
		Release|x86 = Release|x86
	EndGlobalSection
	GlobalSection(ProjectConfigurationPlatforms) = postSolution
		{4449CB3E-882B-4E49-9185-B759AA98849B}.Debug|x64.ActiveCfg = Debug|x64
		{4449CB3E-882B-4E49-9185-B759AA98849B}.Debug|x64.Build.0 = Debug|x64
		{4449CB3E-882B-4E49-9185-B759AA98849B}.Debug|x86.ActiveCfg = Debug|Win32
		{4449CB3E-882B-4E49-9185-B759AA98849B}.Debug|x86.Build.0 = Debug|Win32
		{4449CB3E-882B-4E49-9185-B759AA98849B}.Release|x64.ActiveCfg = Release|x64
		{4449CB3E-882B-4E49-9185-B759AA98849B}.Release|x64.Build.0 = Release|x64
		{4449CB3E-882B-4E49-9185-B759AA98849B}.Release|x86.ActiveCfg = Release|Win32
		{4449CB3E-882B-4E49-9185-B759AA98849B}.Release|x86.Build.0 = Release|Win32
	EndGlobalSection
	GlobalSection(SolutionProperties) = preSolution
		HideSolutionNode = FALSE
	EndGlobalSection
	GlobalSection(ExtensibilityGlobals) = postSolution
		SolutionGuid = {3D3A4318-DDCE-49A5-80CA-02CBD8D27C87}
	EndGlobalSection
EndGlobal
